{
  "name": "simple_pdf_translator",
  "version": "0.1.0",
  "lockfileVersion": 2,
  "requires": true,
  "packages": {
    "": {
      "name": "simple_pdf_translator",
      "version": "0.1.0",
      "dependencies": {
        "@opentranslate/tencent": "^1.4.1",
        "tslib": "^2.4.1"
      },
      "devDependencies": {
        "@opentranslate/tencent": "^1.4.1",
        "tslib": "^2.4.1"
      }
    },
    "node_modules/@opentranslate/languages": {
      "version": "1.4.1",
      "resolved": "https://registry.npmmirror.com/@opentranslate/languages/-/languages-1.4.1.tgz",
      "integrity": "sha512-PWGqlTtt5ygsw0Zh0+2/UbwvIlk3xgbI90F914vhT0Th9h71xn0g4zOvqB9HkLJog4X7fTSawhzHmpduHynEFA==",
      "dev": true
    },
    "node_modules/@opentranslate/tencent": {
      "version": "1.4.1",
      "resolved": "https://registry.npmmirror.com/@opentranslate/tencent/-/tencent-1.4.1.tgz",
      "integrity": "sha512-8ToFaAO6Vr8tLO9UKVsMeRMNb91S56zQxJtGzxGrsWPSDr70QLY1OQoBmvQhd5LOTVkYMANU8fGEGtVsgB+q0w==",
      "dev": true,
      "dependencies": {
        "@opentranslate/translator": "^1.4.1",
        "@types/crypto-js": "^3.1.43",
        "crypto-js": "^3.1.9-1"
      }
    },
    "node_modules/@opentranslate/translator": {
      "version": "1.4.1",
      "resolved": "https://registry.npmmirror.com/@opentranslate/translator/-/translator-1.4.1.tgz",
      "integrity": "sha512-mTjQPgExyNsFhuYJ34Ay5Gwxv7jbQoNdZ38LE2d4b3pz2djOOd9UAnosydNME8kaWQrwbBrfTQiC9EUsO06KXA==",
      "dev": true,
      "dependencies": {
        "@opentranslate/languages": "^1.4.1",
        "axios": "^0.19.0",
        "franc-min": "^4.1.0"
      }
    },
    "node_modules/@types/crypto-js": {
      "version": "3.1.47",
      "resolved": "https://registry.npmmirror.com/@types/crypto-js/-/crypto-js-3.1.47.tgz",
      "integrity": "sha512-eI6gvpcGHLk3dAuHYnRCAjX+41gMv1nz/VP55wAe5HtmAKDOoPSfr3f6vkMc08ov1S0NsjvUBxDtHHxqQY1LGA==",
      "dev": true
    },
    "node_modules/axios": {
      "version": "0.19.2",
      "resolved": "https://registry.npmmirror.com/axios/-/axios-0.19.2.tgz",
      "integrity": "sha512-fjgm5MvRHLhx+osE2xoekY70AhARk3a6hkN+3Io1jc00jtquGvxYlKlsFUhmUET0V5te6CcZI7lcv2Ym61mjHA==",
      "deprecated": "Critical security vulnerability fixed in v0.21.1. For more information, see https://github.com/axios/axios/pull/3410",
      "dev": true,
      "dependencies": {
        "follow-redirects": "1.5.10"
      }
    },
    "node_modules/collapse-white-space": {
      "version": "1.0.6",
      "resolved": "https://registry.npmmirror.com/collapse-white-space/-/collapse-white-space-1.0.6.tgz",
      "integrity": "sha512-jEovNnrhMuqyCcjfEJA56v0Xq8SkIoPKDyaHahwo3POf4qcSXqMYuwNcOTzp74vTsR9Tn08z4MxWqAhcekogkQ==",
      "dev": true
    },
    "node_modules/crypto-js": {
      "version": "3.3.0",
      "resolved": "https://registry.npmmirror.com/crypto-js/-/crypto-js-3.3.0.tgz",
      "integrity": "sha512-DIT51nX0dCfKltpRiXV+/TVZq+Qq2NgF4644+K7Ttnla7zEzqc+kjJyiB96BHNyUTBxyjzRcZYpUdZa+QAqi6Q==",
      "dev": true
    },
    "node_modules/debug": {
      "version": "3.1.0",
      "resolved": "https://registry.npmmirror.com/debug/-/debug-3.1.0.tgz",
      "integrity": "sha512-OX8XqP7/1a9cqkxYw2yXss15f26NKWBpDXQd0/uK/KPqdQhxbPa994hnzjcE2VqQpDslf55723cKPUOGSmMY3g==",
      "dev": true,
      "dependencies": {
        "ms": "2.0.0"
      }
    },
    "node_modules/follow-redirects": {
      "version": "1.5.10",
      "resolved": "https://registry.npmmirror.com/follow-redirects/-/follow-redirects-1.5.10.tgz",
      "integrity": "sha512-0V5l4Cizzvqt5D44aTXbFZz+FtyXV1vrDN6qrelxtfYQKW0KO0W2T/hkE8xvGa/540LkZlkaUjO4ailYTFtHVQ==",
      "dev": true,
      "dependencies": {
        "debug": "=3.1.0"
      },
      "engines": {
        "node": ">=4.0"
      }
    },
    "node_modules/franc-min": {
      "version": "4.1.1",
      "resolved": "https://registry.npmmirror.com/franc-min/-/franc-min-4.1.1.tgz",
      "integrity": "sha512-7xpOX5GymdaT6d0qmSNFpyFuEd6tPuEHVZpL+KIh9DocVCVn59c2OnUvLn+NcWGGi7btqV1VZ5VbjSox5KbZKA==",
      "dev": true,
      "dependencies": {
        "trigram-utils": "^1.0.0"
      }
    },
    "node_modules/ms": {
      "version": "2.0.0",
      "resolved": "https://registry.npmmirror.com/ms/-/ms-2.0.0.tgz",
      "integrity": "sha512-Tpp60P6IUJDTuOq/5Z8cdskzJujfwqfOTkrwIwj7IRISpnkJnT6SyJ4PCPnGMoFjC9ddhal5KVIYtAt97ix05A==",
      "dev": true
    },
    "node_modules/n-gram": {
      "version": "1.1.2",
      "resolved": "https://registry.npmmirror.com/n-gram/-/n-gram-1.1.2.tgz",
      "integrity": "sha512-mBTpWKp0NHdujHmxrskPg2jc108mjyMmVxHN1rZGK/ogTLi9O0debDIXlQPqotNELdNmVGtL4jr7SCig+4OWvQ==",
      "dev": true
    },
    "node_modules/trigram-utils": {
      "version": "1.0.3",
      "resolved": "https://registry.npmmirror.com/trigram-utils/-/trigram-utils-1.0.3.tgz",
      "integrity": "sha512-UAhS1Ll21FtClVIzIN0I/SmGnJ+D08BOxX7Dl1penV8raC0ksf2dJkhNI6kU1Mj3uT86Bul12iMvxXquXSYSng==",
      "dev": true,
      "dependencies": {
        "collapse-white-space": "^1.0.0",
        "n-gram": "^1.0.0",
        "trim": "0.0.1"
      }
    },
    "node_modules/trim": {
      "version": "0.0.1",
      "resolved": "https://registry.npmmirror.com/trim/-/trim-0.0.1.tgz",
      "integrity": "sha512-YzQV+TZg4AxpKxaTHK3c3D+kRDCGVEE7LemdlQZoQXn0iennk10RsIoY6ikzAqJTc9Xjl9C1/waHom/J86ziAQ==",
      "dev": true
    },
    "node_modules/tslib": {
      "version": "2.4.1",
      "resolved": "https://registry.npmmirror.com/tslib/-/tslib-2.4.1.tgz",
      "integrity": "sha512-tGyy4dAjRIEwI7BzsB0lynWgOpfqjUdq91XXAlIWD2OwKBH7oCl/GZG/HT4BOHrTlPMOASlMQ7veyTqpmRcrNA==",
      "dev": true
    }
  },
  "dependencies": {
    "@opentranslate/languages": {
      "version": "1.4.1",
      "resolved": "https://registry.npmmirror.com/@opentranslate/languages/-/languages-1.4.1.tgz",
      "integrity": "sha512-PWGqlTtt5ygsw0Zh0+2/UbwvIlk3xgbI90F914vhT0Th9h71xn0g4zOvqB9HkLJog4X7fTSawhzHmpduHynEFA==",
      "dev": true
    },
    "@opentranslate/tencent": {
      "version": "1.4.1",
      "resolved": "https://registry.npmmirror.com/@opentranslate/tencent/-/tencent-1.4.1.tgz",
      "integrity": "sha512-8ToFaAO6Vr8tLO9UKVsMeRMNb91S56zQxJtGzxGrsWPSDr70QLY1OQoBmvQhd5LOTVkYMANU8fGEGtVsgB+q0w==",
      "dev": true,
      "requires": {
        "@opentranslate/translator": "^1.4.1",
        "@types/crypto-js": "^3.1.43",
        "crypto-js": "^3.1.9-1"
      }
    },
    "@opentranslate/translator": {
      "version": "1.4.1",
      "resolved": "https://registry.npmmirror.com/@opentranslate/translator/-/translator-1.4.1.tgz",
      "integrity": "sha512-mTjQPgExyNsFhuYJ34Ay5Gwxv7jbQoNdZ38LE2d4b3pz2djOOd9UAnosydNME8kaWQrwbBrfTQiC9EUsO06KXA==",
      "dev": true,
      "requires": {
        "@opentranslate/languages": "^1.4.1",
        "axios": "^0.19.0",
        "franc-min": "^4.1.0"
      }
    },
    "@types/crypto-js": {
      "version": "3.1.47",
      "resolved": "https://registry.npmmirror.com/@types/crypto-js/-/crypto-js-3.1.47.tgz",
      "integrity": "sha512-eI6gvpcGHLk3dAuHYnRCAjX+41gMv1nz/VP55wAe5HtmAKDOoPSfr3f6vkMc08ov1S0NsjvUBxDtHHxqQY1LGA==",
      "dev": true
    },
    "axios": {
      "version": "0.19.2",
      "resolved": "https://registry.npmmirror.com/axios/-/axios-0.19.2.tgz",
      "integrity": "sha512-fjgm5MvRHLhx+osE2xoekY70AhARk3a6hkN+3Io1jc00jtquGvxYlKlsFUhmUET0V5te6CcZI7lcv2Ym61mjHA==",
      "dev": true,
      "requires": {
        "follow-redirects": "1.5.10"
      }
    },
    "collapse-white-space": {
      "version": "1.0.6",
      "resolved": "https://registry.npmmirror.com/collapse-white-space/-/collapse-white-space-1.0.6.tgz",
      "integrity": "sha512-jEovNnrhMuqyCcjfEJA56v0Xq8SkIoPKDyaHahwo3POf4qcSXqMYuwNcOTzp74vTsR9Tn08z4MxWqAhcekogkQ==",
      "dev": true
    },
    "crypto-js": {
      "version": "3.3.0",
      "resolved": "https://registry.npmmirror.com/crypto-js/-/crypto-js-3.3.0.tgz",
      "integrity": "sha512-DIT51nX0dCfKltpRiXV+/TVZq+Qq2NgF4644+K7Ttnla7zEzqc+kjJyiB96BHNyUTBxyjzRcZYpUdZa+QAqi6Q==",
      "dev": true
    },
    "debug": {
      "version": "3.1.0",
      "resolved": "https://registry.npmmirror.com/debug/-/debug-3.1.0.tgz",
      "integrity": "sha512-OX8XqP7/1a9cqkxYw2yXss15f26NKWBpDXQd0/uK/KPqdQhxbPa994hnzjcE2VqQpDslf55723cKPUOGSmMY3g==",
      "dev": true,
      "requires": {
        "ms": "2.0.0"
      }
    },
    "follow-redirects": {
      "version": "1.5.10",
      "resolved": "https://registry.npmmirror.com/follow-redirects/-/follow-redirects-1.5.10.tgz",
      "integrity": "sha512-0V5l4Cizzvqt5D44aTXbFZz+FtyXV1vrDN6qrelxtfYQKW0KO0W2T/hkE8xvGa/540LkZlkaUjO4ailYTFtHVQ==",
      "dev": true,
      "requires": {
        "debug": "=3.1.0"
      }
    },
    "franc-min": {
      "version": "4.1.1",
      "resolved": "https://registry.npmmirror.com/franc-min/-/franc-min-4.1.1.tgz",
      "integrity": "sha512-7xpOX5GymdaT6d0qmSNFpyFuEd6tPuEHVZpL+KIh9DocVCVn59c2OnUvLn+NcWGGi7btqV1VZ5VbjSox5KbZKA==",
      "dev": true,
      "requires": {
        "trigram-utils": "^1.0.0"
      }
    },
    "ms": {
      "version": "2.0.0",
      "resolved": "https://registry.npmmirror.com/ms/-/ms-2.0.0.tgz",
      "integrity": "sha512-Tpp60P6IUJDTuOq/5Z8cdskzJujfwqfOTkrwIwj7IRISpnkJnT6SyJ4PCPnGMoFjC9ddhal5KVIYtAt97ix05A==",
      "dev": true
    },
    "n-gram": {
      "version": "1.1.2",
      "resolved": "https://registry.npmmirror.com/n-gram/-/n-gram-1.1.2.tgz",
      "integrity": "sha512-mBTpWKp0NHdujHmxrskPg2jc108mjyMmVxHN1rZGK/ogTLi9O0debDIXlQPqotNELdNmVGtL4jr7SCig+4OWvQ==",
      "dev": true
    },
    "trigram-utils": {
      "version": "1.0.3",
      "resolved": "https://registry.npmmirror.com/trigram-utils/-/trigram-utils-1.0.3.tgz",
      "integrity": "sha512-UAhS1Ll21FtClVIzIN0I/SmGnJ+D08BOxX7Dl1penV8raC0ksf2dJkhNI6kU1Mj3uT86Bul12iMvxXquXSYSng==",
      "dev": true,
      "requires": {
        "collapse-white-space": "^1.0.0",
        "n-gram": "^1.0.0",
        "trim": "0.0.1"
      }
    },
    "trim": {
      "version": "0.0.1",
      "resolved": "https://registry.npmmirror.com/trim/-/trim-0.0.1.tgz",
      "integrity": "sha512-YzQV+TZg4AxpKxaTHK3c3D+kRDCGVEE7LemdlQZoQXn0iennk10RsIoY6ikzAqJTc9Xjl9C1/waHom/J86ziAQ==",
      "dev": true
    },
    "tslib": {
      "version": "2.4.1",
      "resolved": "https://registry.npmmirror.com/tslib/-/tslib-2.4.1.tgz",
      "integrity": "sha512-tGyy4dAjRIEwI7BzsB0lynWgOpfqjUdq91XXAlIWD2OwKBH7oCl/GZG/HT4BOHrTlPMOASlMQ7veyTqpmRcrNA==",
      "dev": true
    }
  }
}
